Microsoft Visual Studio Solution File, Format Version 12.00
# Visual Studio Version 17
VisualStudioVersion = 17.0.31903.59
MinimumVisualStudioVersion = 8.0.40219.1
Project("{FAE04EC0-301F-11D3-BF4B-00C04F79EFBC}") = "ScientistPlatform", "ScientistPlatform\ScientistPlatform.csproj", "{ECA82A37-5259-4D3E-8ABF-253AF5E6D2CE}"
EndProject
Project("{FAE04EC0-301F-11D3-BF4B-00C04F79EFBC}") = "Model", "Model\Model.csproj", "{B7E7C621-6294-4239-81EA-40AF35EF9ECB}"
EndProject
Global
	GlobalSection(SolutionConfigurationPlatforms) = preSolution
		Debug|Any CPU = Debug|Any CPU
		Release|Any CPU = Release|Any CPU
	EndGlobalSection
	GlobalSection(ProjectConfigurationPlatforms) = postSolution
		{B7E7C621-6294-4239-81EA-40AF35EF9ECB}.Debug|Any CPU.ActiveCfg = Debug|Any CPU
		{B7E7C621-6294-4239-81EA-40AF35EF9ECB}.Debug|Any CPU.Build.0 = Debug|Any CPU
		{B7E7C621-6294-4239-81EA-40AF35EF9ECB}.Release|Any CPU.ActiveCfg = Release|Any CPU
		{B7E7C621-6294-4239-81EA-40AF35EF9ECB}.Release|Any CPU.Build.0 = Release|Any CPU
		{ECA82A37-5259-4D3E-8ABF-253AF5E6D2CE}.Debug|Any CPU.ActiveCfg = Debug|Any CPU
		{ECA82A37-5259-4D3E-8ABF-253AF5E6D2CE}.Debug|Any CPU.Build.0 = Debug|Any CPU
		{ECA82A37-5259-4D3E-8ABF-253AF5E6D2CE}.Release|Any CPU.ActiveCfg = Release|Any CPU
		{ECA82A37-5259-4D3E-8ABF-253AF5E6D2CE}.Release|Any CPU.Build.0 = Release|Any CPU
	EndGlobalSection
	GlobalSection(SolutionProperties) = preSolution
		HideSolutionNode = FALSE
	EndGlobalSection
EndGlobal
